PODS:
  - AFNetworking (3.1.0):
    - AFNetworking/NSURLSession (= 3.1.0)
    - AFNetworking/Reachability (= 3.1.0)
    - AFNetworking/Security (= 3.1.0)
    - AFNetworking/Serialization (= 3.1.0)
    - AFNetworking/UIKit (= 3.1.0)
  - AFNetworking/NSURLSession (3.1.0):
    - AFNetworking/Reachability
    - AFNetworking/Security
    - AFNetworking/Serialization
  - AFNetworking/Reachability (3.1.0)
  - AFNetworking/Security (3.1.0)
  - AFNetworking/Serialization (3.1.0)
  - AFNetworking/UIKit (3.1.0):
    - AFNetworking/NSURLSession
  - DGDownloadManager (1.1.14):
    - DGDownloadManager/DGBackgroudDownloadManagers (= 1.1.14)
    - DGDownloadManager/DGDownloadManagers (= 1.1.14)
  - DGDownloadManager/DGBackgroudDownloadManagers (1.1.14):
    - AFNetworking (~> 3.1.0)
  - DGDownloadManager/DGDownloadManagers (1.1.14):
    - AFNetworking (~> 3.1.0)

DEPENDENCIES:
  - DGDownloadManager (~> 1.1.14)

SPEC REPOS:
  trunk:
    - AFNetworking
    - DGDownloadManager

SPEC CHECKSUMS:
  AFNetworking: 5e0e199f73d8626b11e79750991f5d173d1f8b67
  DGDownloadManager: 5ba202d07d0823da4366a8bf9f48bc8cc4b88218

PODFILE CHECKSUM: cd805eae6cf2391254b40cd4224445c392a58468

COCOAPODS: 1.10.0
